
Microsoft Visual Studio Solution File, Format Version 12.00
# Visual Studio 15
VisualStudioVersion = 15.0.27428.2015
MinimumVisualStudioVersion = 10.0.40219.1
Project("{FAE04EC0-301F-11D3-BF4B-00C04F79EFBC}") = "nop.Cache", "nop.Cache\nop.Cache.csproj", "{C05C696B-263E-430B-8420-E577DE7AE36A}"
EndProject
Project("{FAE04EC0-301F-11D3-BF4B-00C04F79EFBC}") = "nop.Cache.Test", "nop.Cache.Test\nop.Cache.Test.csproj", "{0AD17277-FDFF-40CE-B677-268A63C20EBE}"
EndProject
Project("{FAE04EC0-301F-11D3-BF4B-00C04F79EFBC}") = "nop.EntityFrameWork", "nop.EntityFrameWork\nop.EntityFrameWork.csproj", "{B6632D95-A5D0-4117-8330-D7F4893FEECE}"
EndProject
Project("{FAE04EC0-301F-11D3-BF4B-00C04F79EFBC}") = "nop.EntityFrameWork.Test", "nop.EntityFrameWork.Test\nop.EntityFrameWork.Test.csproj", "{0D6A0992-AE22-4B4B-B6AC-1D297A8D12F8}"
EndProject
Global
	GlobalSection(SolutionConfigurationPlatforms) = preSolution
		Debug|Any CPU = Debug|Any CPU
		Release|Any CPU = Release|Any CPU
	EndGlobalSection
	GlobalSection(ProjectConfigurationPlatforms) = postSolution
		{C05C696B-263E-430B-8420-E577DE7AE36A}.Debug|Any CPU.ActiveCfg = Debug|Any CPU
		{C05C696B-263E-430B-8420-E577DE7AE36A}.Debug|Any CPU.Build.0 = Debug|Any CPU
		{C05C696B-263E-430B-8420-E577DE7AE36A}.Release|Any CPU.ActiveCfg = Release|Any CPU
		{C05C696B-263E-430B-8420-E577DE7AE36A}.Release|Any CPU.Build.0 = Release|Any CPU
		{0AD17277-FDFF-40CE-B677-268A63C20EBE}.Debug|Any CPU.ActiveCfg = Debug|Any CPU
		{0AD17277-FDFF-40CE-B677-268A63C20EBE}.Debug|Any CPU.Build.0 = Debug|Any CPU
		{0AD17277-FDFF-40CE-B677-268A63C20EBE}.Release|Any CPU.ActiveCfg = Release|Any CPU
		{0AD17277-FDFF-40CE-B677-268A63C20EBE}.Release|Any CPU.Build.0 = Release|Any CPU
		{B6632D95-A5D0-4117-8330-D7F4893FEECE}.Debug|Any CPU.ActiveCfg = Debug|Any CPU
		{B6632D95-A5D0-4117-8330-D7F4893FEECE}.Debug|Any CPU.Build.0 = Debug|Any CPU
		{B6632D95-A5D0-4117-8330-D7F4893FEECE}.Release|Any CPU.ActiveCfg = Release|Any CPU
		{B6632D95-A5D0-4117-8330-D7F4893FEECE}.Release|Any CPU.Build.0 = Release|Any CPU
		{0D6A0992-AE22-4B4B-B6AC-1D297A8D12F8}.Debug|Any CPU.ActiveCfg = Debug|Any CPU
		{0D6A0992-AE22-4B4B-B6AC-1D297A8D12F8}.Debug|Any CPU.Build.0 = Debug|Any CPU
		{0D6A0992-AE22-4B4B-B6AC-1D297A8D12F8}.Release|Any CPU.ActiveCfg = Release|Any CPU
		{0D6A0992-AE22-4B4B-B6AC-1D297A8D12F8}.Release|Any CPU.Build.0 = Release|Any CPU
	EndGlobalSection
	GlobalSection(SolutionProperties) = preSolution
		HideSolutionNode = FALSE
	EndGlobalSection
	GlobalSection(ExtensibilityGlobals) = postSolution
		SolutionGuid = {F2AA6978-9FC3-4DA2-8672-A2A8976DD5BA}
	EndGlobalSection
EndGlobal
